
Microsoft Visual Studio Solution File, Format Version 12.00
# Visual Studio Version 17
VisualStudioVersion = 17.5.33530.505
MinimumVisualStudioVersion = 10.0.40219.1
Project("{FAE04EC0-301F-11D3-BF4B-00C04F79EFBC}") = "WebClientLoadData", "WebClientLoadData.csproj", "{46C908C5-D53B-4A5A-8F55-BE44CBBD150D}"
EndProject
Global
	GlobalSection(SolutionConfigurationPlatforms) = preSolution
		Debug|Any CPU = Debug|Any CPU
		Release|Any CPU = Release|Any CPU
	EndGlobalSection
	GlobalSection(ProjectConfigurationPlatforms) = postSolution
		{46C908C5-D53B-4A5A-8F55-BE44CBBD150D}.Debug|Any CPU.ActiveCfg = Debug|Any CPU
		{46C908C5-D53B-4A5A-8F55-BE44CBBD150D}.Debug|Any CPU.Build.0 = Debug|Any CPU
		{46C908C5-D53B-4A5A-8F55-BE44CBBD150D}.Release|Any CPU.ActiveCfg = Release|Any CPU
		{46C908C5-D53B-4A5A-8F55-BE44CBBD150D}.Release|Any CPU.Build.0 = Release|Any CPU
	EndGlobalSection
	GlobalSection(SolutionProperties) = preSolution
		HideSolutionNode = FALSE
	EndGlobalSection
	GlobalSection(ExtensibilityGlobals) = postSolution
		SolutionGuid = {2F561C5E-034C-45AC-B17C-39BF860F1CA3}
	EndGlobalSection
EndGlobal
